<?xml version="1.0" encoding="utf-8"?>
<Project ToolsVersion="4.0" xmlns="http://schemas.microsoft.com/developer/msbuild/2003">
  <ItemGroup>
    <Filter Include="Source Files">
      <UniqueIdentifier>{4FC737F1-C7A5-4376-A066-2A32D752A2FF}</UniqueIdentifier>
      <Extensions>cpp;c;cc;cxx;c++;cppm;ixx;def;odl;idl;hpj;bat;asm;asmx</Extensions>
    </Filter>
    <Filter Include="Header Files">
      <UniqueIdentifier>{93995380-89BD-4b04-88EB-625FBE52EBFB}</UniqueIdentifier>
      <Extensions>h;hh;hpp;hxx;h++;hm;inl;inc;ipp;xsd</Extensions>
    </Filter>
    <Filter Include="Resource Files">
      <UniqueIdentifier>{67DA6AB6-F800-4c08-8B7A-83BB121AAD01}</UniqueIdentifier>
      <Extensions>rc;ico;cur;bmp;dlg;rc2;rct;bin;rgs;gif;jpg;jpeg;jpe;resx;tiff;tif;png;wav;mfcribbon-ms</Extensions>
    </Filter>
    <Filter Include="MathHelpers">
      <UniqueIdentifier>{8d880fc6-f85d-4d42-b638-c9e1552dd706}</UniqueIdentifier>
    </Filter>
    <Filter Include="ECS">
      <UniqueIdentifier>{979450b3-82c6-44dc-a4f3-3999187280fa}</UniqueIdentifier>
    </Filter>
    <Filter Include="ECS\Components">
      <UniqueIdentifier>{8a865c8c-15f0-4ac1-b42d-035ecd87f206}</UniqueIdentifier>
    </Filter>
    <Filter Include="ECS\Entity">
      <UniqueIdentifier>{58edbad3-eedd-424e-a1ab-80e4a935a039}</UniqueIdentifier>
    </Filter>
    <Filter Include="ECS\Systems">
      <UniqueIdentifier>{daf22c44-a9c2-4fcb-9e3a-26794e459099}</UniqueIdentifier>
    </Filter>
  </ItemGroup>
  <ItemGroup>
    <ClCompile Include="Main.cpp">
      <Filter>Source Files</Filter>
    </ClCompile>
    <ClCompile Include="GameManager.cpp">
      <Filter>Source Files</Filter>
    </ClCompile>
  </ItemGroup>
  <ItemGroup>
    <ClInclude Include="GameManager.h">
      <Filter>Header Files</Filter>
    </ClInclude>
    <ClInclude Include="WindowResource.h">
      <Filter>Resource Files</Filter>
    </ClInclude>
    <ClInclude Include="Vector2.h">
      <Filter>MathHelpers</Filter>
    </ClInclude>
    <ClInclude Include="Timer.h">
      <Filter>Resource Files</Filter>
    </ClInclude>
    <ClInclude Include="ECSSettings.h">
      <Filter>ECS</Filter>
    </ClInclude>
    <ClInclude Include="EntityManager.h">
      <Filter>ECS\Entity</Filter>
    </ClInclude>
    <ClInclude Include="ComponentArray.h">
      <Filter>ECS\Components</Filter>
    </ClInclude>
    <ClInclude Include="ComponentManager.h">
      <Filter>ECS\Components</Filter>
    </ClInclude>
    <ClInclude Include="System.h">
      <Filter>ECS\Systems</Filter>
    </ClInclude>
    <ClInclude Include="SystemManager.h">
      <Filter>ECS\Systems</Filter>
    </ClInclude>
    <ClInclude Include="Position.h">
      <Filter>ECS\Components</Filter>
    </ClInclude>
  </ItemGroup>
</Project>